
Microsoft Visual Studio Solution File, Format Version 12.00
# Visual Studio 14
VisualStudioVersion = 14.0.24720.0
MinimumVisualStudioVersion = 10.0.40219.1
Project("{FAE04EC0-301F-11D3-BF4B-00C04F79EFBC}") = "Terbilangform", "Terbilangform\Terbilangform.csproj", "{9E0E4E80-9C89-4E34-AB0C-DDF0CC220467}"
EndProject
Project("{FAE04EC0-301F-11D3-BF4B-00C04F79EFBC}") = "TerbilangLibrary", "TerbilangLibrary\TerbilangLibrary.csproj", "{3D49C7BA-E3A9-4BF2-8281-32A6A57B8B12}"
EndProject
Global
	GlobalSection(SolutionConfigurationPlatforms) = preSolution
		Debug|Any CPU = Debug|Any CPU
		Release|Any CPU = Release|Any CPU
	EndGlobalSection
	GlobalSection(ProjectConfigurationPlatforms) = postSolution
		{9E0E4E80-9C89-4E34-AB0C-DDF0CC220467}.Debug|Any CPU.ActiveCfg = Debug|Any CPU
		{9E0E4E80-9C89-4E34-AB0C-DDF0CC220467}.Debug|Any CPU.Build.0 = Debug|Any CPU
		{9E0E4E80-9C89-4E34-AB0C-DDF0CC220467}.Release|Any CPU.ActiveCfg = Release|Any CPU
		{9E0E4E80-9C89-4E34-AB0C-DDF0CC220467}.Release|Any CPU.Build.0 = Release|Any CPU
		{3D49C7BA-E3A9-4BF2-8281-32A6A57B8B12}.Debug|Any CPU.ActiveCfg = Debug|Any CPU
		{3D49C7BA-E3A9-4BF2-8281-32A6A57B8B12}.Debug|Any CPU.Build.0 = Debug|Any CPU
		{3D49C7BA-E3A9-4BF2-8281-32A6A57B8B12}.Release|Any CPU.ActiveCfg = Release|Any CPU
		{3D49C7BA-E3A9-4BF2-8281-32A6A57B8B12}.Release|Any CPU.Build.0 = Release|Any CPU
	EndGlobalSection
	GlobalSection(SolutionProperties) = preSolution
		HideSolutionNode = FALSE
	EndGlobalSection
EndGlobal
